// !$*UTF8*$!
{
	archiveVersion = 1;
	classes = {
	};
	objectVersion = 56;
	objects = {

/* Begin PBXBuildFile section */
		FA08F8632937C5FD0000AF6D /* FirstLaunchView.swift in Sources */ = {isa = PBXBuildFile; fileRef = FA08F8622937C5FD0000AF6D /* FirstLaunchView.swift */; };
		FA09B3D5292A9765007A83C1 /* NoteAppApp.swift in Sources */ = {isa = PBXBuildFile; fileRef = FA09B3D4292A9765007A83C1 /* NoteAppApp.swift */; };
		FA09B3D7292A9765007A83C1 /* ContentView.swift in Sources */ = {isa = PBXBuildFile; fileRef = FA09B3D6292A9765007A83C1 /* ContentView.swift */; };
		FA09B3D9292A9768007A83C1 /* Assets.xcassets in Resources */ = {isa = PBXBuildFile; fileRef = FA09B3D8292A9768007A83C1 /* Assets.xcassets */; };
		FA09B3DC292A9768007A83C1 /* Preview Assets.xcassets in Resources */ = {isa = PBXBuildFile; fileRef = FA09B3DB292A9768007A83C1 /* Preview Assets.xcassets */; };
		FA09B3E6292A97ED007A83C1 /* NoteModel.swift in Sources */ = {isa = PBXBuildFile; fileRef = FA09B3E5292A97ED007A83C1 /* NoteModel.swift */; };
		FA09B3E8292A9817007A83C1 /* NoteViewModel.swift in Sources */ = {isa = PBXBuildFile; fileRef = FA09B3E7292A9817007A83C1 /* NoteViewModel.swift */; };
		FA09B3EA292A9856007A83C1 /* HomeView.swift in Sources */ = {isa = PBXBuildFile; fileRef = FA09B3E9292A9856007A83C1 /* HomeView.swift */; };
		FA09B3EC292A987C007A83C1 /* NoteDetailView.swift in Sources */ = {isa = PBXBuildFile; fileRef = FA09B3EB292A987C007A83C1 /* NoteDetailView.swift */; };
		FA09B3EE292A9896007A83C1 /* SettingsView.swift in Sources */ = {isa = PBXBuildFile; fileRef = FA09B3ED292A9896007A83C1 /* SettingsView.swift */; };
		FA09B3F0292A98B7007A83C1 /* NoItemsView.swift in Sources */ = {isa = PBXBuildFile; fileRef = FA09B3EF292A98B7007A83C1 /* NoItemsView.swift */; };
		FA09B3F2292A98F4007A83C1 /* AddNewNote.swift in Sources */ = {isa = PBXBuildFile; fileRef = FA09B3F1292A98F4007A83C1 /* AddNewNote.swift */; };
		FA09B3F4292A9912007A83C1 /* EnterPassword.swift in Sources */ = {isa = PBXBuildFile; fileRef = FA09B3F3292A9912007A83C1 /* EnterPassword.swift */; };
		FA09B3F6292A9941007A83C1 /* Color+Extension.swift in Sources */ = {isa = PBXBuildFile; fileRef = FA09B3F5292A9941007A83C1 /* Color+Extension.swift */; };
		FA09B3F8292A995B007A83C1 /* Font+Extension.swift in Sources */ = {isa = PBXBuildFile; fileRef = FA09B3F7292A995B007A83C1 /* Font+Extension.swift */; };
		FA09B3FF292A9979007A83C1 /* Metropolis-Bold.otf in Resources */ = {isa = PBXBuildFile; fileRef = FA09B3FA292A9979007A83C1 /* Metropolis-Bold.otf */; };
		FA09B400292A9979007A83C1 /* Metropolis-Regular.otf in Resources */ = {isa = PBXBuildFile; fileRef = FA09B3FB292A9979007A83C1 /* Metropolis-Regular.otf */; };
		FA09B401292A9979007A83C1 /* Metropolis-Black.otf in Resources */ = {isa = PBXBuildFile; fileRef = FA09B3FC292A9979007A83C1 /* Metropolis-Black.otf */; };
		FA09B402292A9979007A83C1 /* Metropolis-Medium.otf in Resources */ = {isa = PBXBuildFile; fileRef = FA09B3FD292A9979007A83C1 /* Metropolis-Medium.otf */; };
		FA09B403292A9979007A83C1 /* Metropolis-SemiBold.otf in Resources */ = {isa = PBXBuildFile; fileRef = FA09B3FE292A9979007A83C1 /* Metropolis-SemiBold.otf */; };
/* End PBXBuildFile section */

/* Begin PBXFileReference section */
		FA08F8622937C5FD0000AF6D /* FirstLaunchView.swift */ = {isa = PBXFileReference; lastKnownFileType = sourcecode.swift; path = FirstLaunchView.swift; sourceTree = "<group>"; };
		FA09B3D1292A9765007A83C1 /* NoteApp.app */ = {isa = PBXFileReference; explicitFileType = wrapper.application; includeInIndex = 0; path = NoteApp.app; sourceTree = BUILT_PRODUCTS_DIR; };
		FA09B3D4292A9765007A83C1 /* NoteAppApp.swift */ = {isa = PBXFileReference; lastKnownFileType = sourcecode.swift; path = NoteAppApp.swift; sourceTree = "<group>"; };
		FA09B3D6292A9765007A83C1 /* ContentView.swift */ = {isa = PBXFileReference; lastKnownFileType = sourcecode.swift; path = ContentView.swift; sourceTree = "<group>"; };
		FA09B3D8292A9768007A83C1 /* Assets.xcassets */ = {isa = PBXFileReference; lastKnownFileType = folder.assetcatalog; path = Assets.xcassets; sourceTree = "<group>"; };
		FA09B3DB292A9768007A83C1 /* Preview Assets.xcassets */ = {isa = PBXFileReference; lastKnownFileType = folder.assetcatalog; path = "Preview Assets.xcassets"; sourceTree = "<group>"; };
		FA09B3E5292A97ED007A83C1 /* NoteModel.swift */ = {isa = PBXFileReference; lastKnownFileType = sourcecode.swift; path = NoteModel.swift; sourceTree = "<group>"; };
		FA09B3E7292A9817007A83C1 /* NoteViewModel.swift */ = {isa = PBXFileReference; lastKnownFileType = sourcecode.swift; path = NoteViewModel.swift; sourceTree = "<group>"; };
		FA09B3E9292A9856007A83C1 /* HomeView.swift */ = {isa = PBXFileReference; lastKnownFileType = sourcecode.swift; path = HomeView.swift; sourceTree = "<group>"; };
		FA09B3EB292A987C007A83C1 /* NoteDetailView.swift */ = {isa = PBXFileReference; lastKnownFileType = sourcecode.swift; path = NoteDetailView.swift; sourceTree = "<group>"; };
		FA09B3ED292A9896007A83C1 /* SettingsView.swift */ = {isa = PBXFileReference; lastKnownFileType = sourcecode.swift; path = SettingsView.swift; sourceTree = "<group>"; };
		FA09B3EF292A98B7007A83C1 /* NoItemsView.swift */ = {isa = PBXFileReference; lastKnownFileType = sourcecode.swift; path = NoItemsView.swift; sourceTree = "<group>"; };
		FA09B3F1292A98F4007A83C1 /* AddNewNote.swift */ = {isa = PBXFileReference; lastKnownFileType = sourcecode.swift; path = AddNewNote.swift; sourceTree = "<group>"; };
		FA09B3F3292A9912007A83C1 /* EnterPassword.swift */ = {isa = PBXFileReference; lastKnownFileType = sourcecode.swift; path = EnterPassword.swift; sourceTree = "<group>"; };
		FA09B3F5292A9941007A83C1 /* Color+Extension.swift */ = {isa = PBXFileReference; lastKnownFileType = sourcecode.swift; path = "Color+Extension.swift"; sourceTree = "<group>"; };
		FA09B3F7292A995B007A83C1 /* Font+Extension.swift */ = {isa = PBXFileReference; lastKnownFileType = sourcecode.swift; path = "Font+Extension.swift"; sourceTree = "<group>"; };
		FA09B3FA292A9979007A83C1 /* Metropolis-Bold.otf */ = {isa = PBXFileReference; lastKnownFileType = file; path = "Metropolis-Bold.otf"; sourceTree = "<group>"; };
		FA09B3FB292A9979007A83C1 /* Metropolis-Regular.otf */ = {isa = PBXFileReference; lastKnownFileType = file; path = "Metropolis-Regular.otf"; sourceTree = "<group>"; };
		FA09B3FC292A9979007A83C1 /* Metropolis-Black.otf */ = {isa = PBXFileReference; lastKnownFileType = file; path = "Metropolis-Black.otf"; sourceTree = "<group>"; };
		FA09B3FD292A9979007A83C1 /* Metropolis-Medium.otf */ = {isa = PBXFileReference; lastKnownFileType = file; path = "Metropolis-Medium.otf"; sourceTree = "<group>"; };
		FA09B3FE292A9979007A83C1 /* Metropolis-SemiBold.otf */ = {isa = PBXFileReference; lastKnownFileType = file; path = "Metropolis-SemiBold.otf"; sourceTree = "<group>"; };
/* End PBXFileReference section */

/* Begin PBXFrameworksBuildPhase section */
		FA09B3CE292A9765007A83C1 /* Frameworks */ = {
			isa = PBXFrameworksBuildPhase;
			buildActionMask = 2147483647;
			files = (
			);
			runOnlyForDeploymentPostprocessing = 0;
		};
/* End PBXFrameworksBuildPhase section */

/* Begin PBXGroup section */
		FA09B3C8292A9765007A83C1 = {
			isa = PBXGroup;
			children = (
				FA09B3D3292A9765007A83C1 /* NoteApp */,
				FA09B3D2292A9765007A83C1 /* Products */,
			);
			sourceTree = "<group>";
		};
		FA09B3D2292A9765007A83C1 /* Products */ = {
			isa = PBXGroup;
			children = (
				FA09B3D1292A9765007A83C1 /* NoteApp.app */,
			);
			name = Products;
			sourceTree = "<group>";
		};
		FA09B3D3292A9765007A83C1 /* NoteApp */ = {
			isa = PBXGroup;
			children = (
				FA09B3E2292A979E007A83C1 /* Model */,
				FA09B3E3292A97A9007A83C1 /* View */,
				FA09B3D4292A9765007A83C1 /* NoteAppApp.swift */,
				FA09B3E4292A97B2007A83C1 /* Extension */,
				FA09B3D8292A9768007A83C1 /* Assets.xcassets */,
				FA09B3DA292A9768007A83C1 /* Preview Content */,
				FA09B3F9292A9979007A83C1 /* Font */,
			);
			path = NoteApp;
			sourceTree = "<group>";
		};
		FA09B3DA292A9768007A83C1 /* Preview Content */ = {
			isa = PBXGroup;
			children = (
				FA09B3DB292A9768007A83C1 /* Preview Assets.xcassets */,
			);
			path = "Preview Content";
			sourceTree = "<group>";
		};
		FA09B3E2292A979E007A83C1 /* Model */ = {
			isa = PBXGroup;
			children = (
				FA09B3E5292A97ED007A83C1 /* NoteModel.swift */,
				FA09B3E7292A9817007A83C1 /* NoteViewModel.swift */,
			);
			path = Model;
			sourceTree = "<group>";
		};
		FA09B3E3292A97A9007A83C1 /* View */ = {
			isa = PBXGroup;
			children = (
				FA09B3D6292A9765007A83C1 /* ContentView.swift */,
				FA08F8622937C5FD0000AF6D /* FirstLaunchView.swift */,
				FA09B3E9292A9856007A83C1 /* HomeView.swift */,
				FA09B3EB292A987C007A83C1 /* NoteDetailView.swift */,
				FA09B3ED292A9896007A83C1 /* SettingsView.swift */,
				FA09B3EF292A98B7007A83C1 /* NoItemsView.swift */,
				FA09B3F1292A98F4007A83C1 /* AddNewNote.swift */,
				FA09B3F3292A9912007A83C1 /* EnterPassword.swift */,
			);
			path = View;
			sourceTree = "<group>";
		};
		FA09B3E4292A97B2007A83C1 /* Extension */ = {
			isa = PBXGroup;
			children = (
				FA09B3F5292A9941007A83C1 /* Color+Extension.swift */,
				FA09B3F7292A995B007A83C1 /* Font+Extension.swift */,
			);
			path = Extension;
			sourceTree = "<group>";
		};
		FA09B3F9292A9979007A83C1 /* Font */ = {
			isa = PBXGroup;
			children = (
				FA09B3FA292A9979007A83C1 /* Metropolis-Bold.otf */,
				FA09B3FB292A9979007A83C1 /* Metropolis-Regular.otf */,
				FA09B3FC292A9979007A83C1 /* Metropolis-Black.otf */,
				FA09B3FD292A9979007A83C1 /* Metropolis-Medium.otf */,
				FA09B3FE292A9979007A83C1 /* Metropolis-SemiBold.otf */,
			);
			path = Font;
			sourceTree = "<group>";
		};
/* End PBXGroup section */

/* Begin PBXNativeTarget section */
		FA09B3D0292A9765007A83C1 /* NoteApp */ = {
			isa = PBXNativeTarget;
			buildConfigurationList = FA09B3DF292A9768007A83C1 /* Build configuration list for PBXNativeTarget "NoteApp" */;
			buildPhases = (
				FA09B3CD292A9765007A83C1 /* Sources */,
				FA09B3CE292A9765007A83C1 /* Frameworks */,
				FA09B3CF292A9765007A83C1 /* Resources */,
			);
			buildRules = (
			);
			dependencies = (
			);
			name = NoteApp;
			productName = NoteApp;
			productReference = FA09B3D1292A9765007A83C1 /* NoteApp.app */;
			productType = "com.apple.product-type.application";
		};
/* End PBXNativeTarget section */

/* Begin PBXProject section */
		FA09B3C9292A9765007A83C1 /* Project object */ = {
			isa = PBXProject;
			attributes = {
				BuildIndependentTargetsInParallel = 1;
				LastSwiftUpdateCheck = 1410;
				LastUpgradeCheck = 1410;
				TargetAttributes = {
					FA09B3D0292A9765007A83C1 = {
						CreatedOnToolsVersion = 14.1;
					};
				};
			};
			buildConfigurationList = FA09B3CC292A9765007A83C1 /* Build configuration list for PBXProject "NoteApp" */;
			compatibilityVersion = "Xcode 14.0";
			developmentRegion = en;
			hasScannedForEncodings = 0;
			knownRegions = (
				en,
				Base,
			);
			mainGroup = FA09B3C8292A9765007A83C1;
			productRefGroup = FA09B3D2292A9765007A83C1 /* Products */;
			projectDirPath = "";
			projectRoot = "";
			targets = (
				FA09B3D0292A9765007A83C1 /* NoteApp */,
			);
		};
/* End PBXProject section */

/* Begin PBXResourcesBuildPhase section */
		FA09B3CF292A9765007A83C1 /* Resources */ = {
			isa = PBXResourcesBuildPhase;
			buildActionMask = 2147483647;
			files = (
				FA09B401292A9979007A83C1 /* Metropolis-Black.otf in Resources */,
				FA09B3DC292A9768007A83C1 /* Preview Assets.xcassets in Resources */,
				FA09B403292A9979007A83C1 /* Metropolis-SemiBold.otf in Resources */,
				FA09B3D9292A9768007A83C1 /* Assets.xcassets in Resources */,
				FA09B400292A9979007A83C1 /* Metropolis-Regular.otf in Resources */,
				FA09B402292A9979007A83C1 /* Metropolis-Medium.otf in Resources */,
				FA09B3FF292A9979007A83C1 /* Metropolis-Bold.otf in Resources */,
			);
			runOnlyForDeploymentPostprocessing = 0;
		};
/* End PBXResourcesBuildPhase section */

/* Begin PBXSourcesBuildPhase section */
		FA09B3CD292A9765007A83C1 /* Sources */ = {
			isa = PBXSourcesBuildPhase;
			buildActionMask = 2147483647;
			files = (
				FA09B3EE292A9896007A83C1 /* SettingsView.swift in Sources */,
				FA09B3E8292A9817007A83C1 /* NoteViewModel.swift in Sources */,
				FA09B3F8292A995B007A83C1 /* Font+Extension.swift in Sources */,
				FA09B3D7292A9765007A83C1 /* ContentView.swift in Sources */,
				FA08F8632937C5FD0000AF6D /* FirstLaunchView.swift in Sources */,
				FA09B3F2292A98F4007A83C1 /* AddNewNote.swift in Sources */,
				FA09B3E6292A97ED007A83C1 /* NoteModel.swift in Sources */,
				FA09B3EC292A987C007A83C1 /* NoteDetailView.swift in Sources */,
				FA09B3EA292A9856007A83C1 /* HomeView.swift in Sources */,
				FA09B3F4292A9912007A83C1 /* EnterPassword.swift in Sources */,
				FA09B3F0292A98B7007A83C1 /* NoItemsView.swift in Sources */,
				FA09B3F6292A9941007A83C1 /* Color+Extension.swift in Sources */,
				FA09B3D5292A9765007A83C1 /* NoteAppApp.swift in Sources */,
			);
			runOnlyForDeploymentPostprocessing = 0;
		};
/* End PBXSourcesBuildPhase section */

/* Begin XCBuildConfiguration section */
		FA09B3DD292A9768007A83C1 /* Debug */ = {
			isa = XCBuildConfiguration;
			buildSettings = {
				ALWAYS_SEARCH_USER_PATHS = NO;
				CLANG_ANALYZER_NONNULL = YES;
				CLANG_ANALYZER_NUMBER_OBJECT_CONVERSION = YES_AGGRESSIVE;
				CLANG_CXX_LANGUAGE_STANDARD = "gnu++20";
				CLANG_ENABLE_MODULES = YES;
				CLANG_ENABLE_OBJC_ARC = YES;
				CLANG_ENABLE_OBJC_WEAK = YES;
				CLANG_WARN_BLOCK_CAPTURE_AUTORELEASING = YES;
				CLANG_WARN_BOOL_CONVERSION = YES;
				CLANG_WARN_COMMA = YES;
				CLANG_WARN_CONSTANT_CONVERSION = YES;
				CLANG_WARN_DEPRECATED_OBJC_IMPLEMENTATIONS = YES;
				CLANG_WARN_DIRECT_OBJC_ISA_USAGE = YES_ERROR;
				CLANG_WARN_DOCUMENTATION_COMMENTS = YES;
				CLANG_WARN_EMPTY_BODY = YES;
				CLANG_WARN_ENUM_CONVERSION = YES;
				CLANG_WARN_INFINITE_RECURSION = YES;
				CLANG_WARN_INT_CONVERSION = YES;
				CLANG_WARN_NON_LITERAL_NULL_CONVERSION = YES;
				CLANG_WARN_OBJC_IMPLICIT_RETAIN_SELF = YES;
				CLANG_WARN_OBJC_LITERAL_CONVERSION = YES;
				CLANG_WARN_OBJC_ROOT_CLASS = YES_ERROR;
				CLANG_WARN_QUOTED_INCLUDE_IN_FRAMEWORK_HEADER = YES;
				CLANG_WARN_RANGE_LOOP_ANALYSIS = YES;
				CLANG_WARN_STRICT_PROTOTYPES = YES;
				CLANG_WARN_SUSPICIOUS_MOVE = YES;
				CLANG_WARN_UNGUARDED_AVAILABILITY = YES_AGGRESSIVE;
				CLANG_WARN_UNREACHABLE_CODE = YES;
				CLANG_WARN__DUPLICATE_METHOD_MATCH = YES;
				COPY_PHASE_STRIP = NO;
				DEBUG_INFORMATION_FORMAT = dwarf;
				ENABLE_STRICT_OBJC_MSGSEND = YES;
				ENABLE_TESTABILITY = YES;
				GCC_C_LANGUAGE_STANDARD = gnu11;
				GCC_DYNAMIC_NO_PIC = NO;
				GCC_NO_COMMON_BLOCKS = YES;
				GCC_OPTIMIZATION_LEVEL = 0;
				GCC_PREPROCESSOR_DEFINITIONS = (
					"DEBUG=1",
					"$(inherited)",
				);
				GCC_WARN_64_TO_32_BIT_CONVERSION = YES;
				GCC_WARN_ABOUT_RETURN_TYPE = YES_ERROR;
				GCC_WARN_UNDECLARED_SELECTOR = YES;
				GCC_WARN_UNINITIALIZED_AUTOS = YES_AGGRESSIVE;
				GCC_WARN_UNUSED_FUNCTION = YES;
				GCC_WARN_UNUSED_VARIABLE = YES;
				IPHONEOS_DEPLOYMENT_TARGET = 16.1;
				MTL_ENABLE_DEBUG_INFO = INCLUDE_SOURCE;
				MTL_FAST_MATH = YES;
				ONLY_ACTIVE_ARCH = YES;
				SDKROOT = iphoneos;
				SWIFT_ACTIVE_COMPILATION_CONDITIONS = DEBUG;
				SWIFT_OPTIMIZATION_LEVEL = "-Onone";
			};
			name = Debug;
		};
		FA09B3DE292A9768007A83C1 /* Release */ = {
			isa = XCBuildConfiguration;
			buildSettings = {
				ALWAYS_SEARCH_USER_PATHS = NO;
				CLANG_ANALYZER_NONNULL = YES;
				CLANG_ANALYZER_NUMBER_OBJECT_CONVERSION = YES_AGGRESSIVE;
				CLANG_CXX_LANGUAGE_STANDARD = "gnu++20";
				CLANG_ENABLE_MODULES = YES;
				CLANG_ENABLE_OBJC_ARC = YES;
				CLANG_ENABLE_OBJC_WEAK = YES;
				CLANG_WARN_BLOCK_CAPTURE_AUTORELEASING = YES;
				CLANG_WARN_BOOL_CONVERSION = YES;
				CLANG_WARN_COMMA = YES;
				CLANG_WARN_CONSTANT_CONVERSION = YES;
				CLANG_WARN_DEPRECATED_OBJC_IMPLEMENTATIONS = YES;
				CLANG_WARN_DIRECT_OBJC_ISA_USAGE = YES_ERROR;
				CLANG_WARN_DOCUMENTATION_COMMENTS = YES;
				CLANG_WARN_EMPTY_BODY = YES;
				CLANG_WARN_ENUM_CONVERSION = YES;
				CLANG_WARN_INFINITE_RECURSION = YES;
				CLANG_WARN_INT_CONVERSION = YES;
				CLANG_WARN_NON_LITERAL_NULL_CONVERSION = YES;
				CLANG_WARN_OBJC_IMPLICIT_RETAIN_SELF = YES;
				CLANG_WARN_OBJC_LITERAL_CONVERSION = YES;
				CLANG_WARN_OBJC_ROOT_CLASS = YES_ERROR;
				CLANG_WARN_QUOTED_INCLUDE_IN_FRAMEWORK_HEADER = YES;
				CLANG_WARN_RANGE_LOOP_ANALYSIS = YES;
				CLANG_WARN_STRICT_PROTOTYPES = YES;
				CLANG_WARN_SUSPICIOUS_MOVE = YES;
				CLANG_WARN_UNGUARDED_AVAILABILITY = YES_AGGRESSIVE;
				CLANG_WARN_UNREACHABLE_CODE = YES;
				CLANG_WARN__DUPLICATE_METHOD_MATCH = YES;
				COPY_PHASE_STRIP = NO;
				DEBUG_INFORMATION_FORMAT = "dwarf-with-dsym";
				ENABLE_NS_ASSERTIONS = NO;
				ENABLE_STRICT_OBJC_MSGSEND = YES;
				GCC_C_LANGUAGE_STANDARD = gnu11;
				GCC_NO_COMMON_BLOCKS = YES;
				GCC_WARN_64_TO_32_BIT_CONVERSION = YES;
				GCC_WARN_ABOUT_RETURN_TYPE = YES_ERROR;
				GCC_WARN_UNDECLARED_SELECTOR = YES;
				GCC_WARN_UNINITIALIZED_AUTOS = YES_AGGRESSIVE;
				GCC_WARN_UNUSED_FUNCTION = YES;
				GCC_WARN_UNUSED_VARIABLE = YES;
				IPHONEOS_DEPLOYMENT_TARGET = 16.1;
				MTL_ENABLE_DEBUG_INFO = NO;
				MTL_FAST_MATH = YES;
				SDKROOT = iphoneos;
				SWIFT_COMPILATION_MODE = wholemodule;
				SWIFT_OPTIMIZATION_LEVEL = "-O";
				VALIDATE_PRODUCT = YES;
			};
			name = Release;
		};
		FA09B3E0292A9768007A83C1 /* Debug */ = {
			isa = XCBuildConfiguration;
			buildSettings = {
				ASSETCATALOG_COMPILER_APPICON_NAME = AppIcon;
				ASSETCATALOG_COMPILER_GLOBAL_ACCENT_COLOR_NAME = AccentColor;
				CODE_SIGN_STYLE = Automatic;
				CURRENT_PROJECT_VERSION = 1;
				DEVELOPMENT_ASSET_PATHS = "\"NoteApp/Preview Content\"";
				DEVELOPMENT_TEAM = S9XKNTADD9;
				ENABLE_PREVIEWS = YES;
				GENERATE_INFOPLIST_FILE = YES;
				INFOPLIST_KEY_UIApplicationSceneManifest_Generation = YES;
				INFOPLIST_KEY_UIApplicationSupportsIndirectInputEvents = YES;
				INFOPLIST_KEY_UILaunchScreen_Generation = YES;
				INFOPLIST_KEY_UISupportedInterfaceOrientations = UIInterfaceOrientationPortrait;
				INFOPLIST_KEY_UISupportedInterfaceOrientations_iPad = "UIInterfaceOrientationPortrait UIInterfaceOrientationPortraitUpsideDown";
				IPHONEOS_DEPLOYMENT_TARGET = 15.1;
				LD_RUNPATH_SEARCH_PATHS = (
					"$(inherited)",
					"@executable_path/Frameworks",
				);
				MARKETING_VERSION = 1.0;
				PRODUCT_BUNDLE_IDENTIFIER = AnanasCorp..NoteApp;
				PRODUCT_NAME = "$(TARGET_NAME)";
				SWIFT_EMIT_LOC_STRINGS = YES;
				SWIFT_VERSION = 5.0;
				TARGETED_DEVICE_FAMILY = "1,2";
			};
			name = Debug;
		};
		FA09B3E1292A9768007A83C1 /* Release */ = {
			isa = XCBuildConfiguration;
			buildSettings = {
				ASSETCATALOG_COMPILER_APPICON_NAME = AppIcon;
				ASSETCATALOG_COMPILER_GLOBAL_ACCENT_COLOR_NAME = AccentColor;
				CODE_SIGN_STYLE = Automatic;
				CURRENT_PROJECT_VERSION = 1;
				DEVELOPMENT_ASSET_PATHS = "\"NoteApp/Preview Content\"";
				DEVELOPMENT_TEAM = S9XKNTADD9;
				ENABLE_PREVIEWS = YES;
				GENERATE_INFOPLIST_FILE = YES;
				INFOPLIST_KEY_UIApplicationSceneManifest_Generation = YES;
				INFOPLIST_KEY_UIApplicationSupportsIndirectInputEvents = YES;
				INFOPLIST_KEY_UILaunchScreen_Generation = YES;
				INFOPLIST_KEY_UISupportedInterfaceOrientations = UIInterfaceOrientationPortrait;
				INFOPLIST_KEY_UISupportedInterfaceOrientations_iPad = "UIInterfaceOrientationPortrait UIInterfaceOrientationPortraitUpsideDown";
				IPHONEOS_DEPLOYMENT_TARGET = 15.1;
				LD_RUNPATH_SEARCH_PATHS = (
					"$(inherited)",
					"@executable_path/Frameworks",
				);
				MARKETING_VERSION = 1.0;
				PRODUCT_BUNDLE_IDENTIFIER = AnanasCorp..NoteApp;
				PRODUCT_NAME = "$(TARGET_NAME)";
				SWIFT_EMIT_LOC_STRINGS = YES;
				SWIFT_VERSION = 5.0;
				TARGETED_DEVICE_FAMILY = "1,2";
			};
			name = Release;
		};
/* End XCBuildConfiguration section */

/* Begin XCConfigurationList section */
		FA09B3CC292A9765007A83C1 /* Build configuration list for PBXProject "NoteApp" */ = {
			isa = XCConfigurationList;
			buildConfigurations = (
				FA09B3DD292A9768007A83C1 /* Debug */,
				FA09B3DE292A9768007A83C1 /* Release */,
			);
			defaultConfigurationIsVisible = 0;
			defaultConfigurationName = Release;
		};
		FA09B3DF292A9768007A83C1 /* Build configuration list for PBXNativeTarget "NoteApp" */ = {
			isa = XCConfigurationList;
			buildConfigurations = (
				FA09B3E0292A9768007A83C1 /* Debug */,
				FA09B3E1292A9768007A83C1 /* Release */,
			);
			defaultConfigurationIsVisible = 0;
			defaultConfigurationName = Release;
		};
/* End XCConfigurationList section */
	};
	rootObject = FA09B3C9292A9765007A83C1 /* Project object */;
}
